{
  "name": "dump",
  "version": "1.0.0",
  "lockfileVersion": 2,
  "requires": true,
  "packages": {
    "": {
      "name": "dump",
      "version": "1.0.0",
      "license": "ISC",
      "dependencies": {
        "gribberish": "file:../../"
      }
    },
    "../..": {
      "name": "gribberish",
      "version": "0.9.0"
    },
    "node_modules/gribberish": {
      "resolved": "../..",
      "link": true
    }
  },
  "dependencies": {
    "gribberish": {
      "version": "file:../.."
    }
  }
}
